
Microsoft Visual Studio Solution File, Format Version 12.00
# Visual Studio Version 17
VisualStudioVersion = 17.7.34009.444
MinimumVisualStudioVersion = 10.0.40219.1
Project("{9A19103F-16F7-4668-BE54-9A1E7A4F7556}") = "Wws.EditorConfig", "Wws.EditorConfig\Wws.EditorConfig.csproj", "{07A60535-D13D-4B36-B692-F70608B6BE40}"
EndProject
Project("{2150E333-8FDC-42A3-9474-1A3956D46DE8}") = "_global", "_global", "{811237F1-B80E-4606-93C6-0286F153E102}"
	ProjectSection(SolutionItems) = preProject
		.gitignore = .gitignore
		icon.png = icon.png
		publish.yml = publish.yml
		README.md = README.md
	EndProjectSection
EndProject
Global
	GlobalSection(SolutionConfigurationPlatforms) = preSolution
		Debug|Any CPU = Debug|Any CPU
		Release|Any CPU = Release|Any CPU
	EndGlobalSection
	GlobalSection(ProjectConfigurationPlatforms) = postSolution
		{07A60535-D13D-4B36-B692-F70608B6BE40}.Debug|Any CPU.ActiveCfg = Debug|Any CPU
		{07A60535-D13D-4B36-B692-F70608B6BE40}.Debug|Any CPU.Build.0 = Debug|Any CPU
		{07A60535-D13D-4B36-B692-F70608B6BE40}.Release|Any CPU.ActiveCfg = Release|Any CPU
		{07A60535-D13D-4B36-B692-F70608B6BE40}.Release|Any CPU.Build.0 = Release|Any CPU
	EndGlobalSection
	GlobalSection(SolutionProperties) = preSolution
		HideSolutionNode = FALSE
	EndGlobalSection
	GlobalSection(ExtensibilityGlobals) = postSolution
		SolutionGuid = {E131DA76-A4E2-4C95-9F8D-B2FC69B16E28}
	EndGlobalSection
EndGlobal
